
Microsoft Visual Studio Solution File, Format Version 12.00
# Visual Studio Version 17
VisualStudioVersion = 17.9.34616.47
MinimumVisualStudioVersion = 10.0.40219.1
Project("{9A19103F-16F7-4668-BE54-9A1E7A4F7556}") = "Entidades", "Entidades\Entidades.csproj", "{2236122C-CFBA-4951-AEE1-9E9545DD07A9}"
EndProject
Project("{9A19103F-16F7-4668-BE54-9A1E7A4F7556}") = "Main", "Main\Main.csproj", "{37A9EB80-1FD7-4E8B-A874-E2D75B297E88}"
EndProject
Project("{9A19103F-16F7-4668-BE54-9A1E7A4F7556}") = "Formularios", "FormularioLogin\Formularios.csproj", "{540CF6E8-967B-45AB-A77B-FB296C16F5DF}"
EndProject
Project("{2150E333-8FDC-42A3-9474-1A3956D46DE8}") = "Archivos", "Archivos", "{62546648-6C0C-47CE-9A19-2DF5DFFF9BC4}"
	ProjectSection(SolutionItems) = preProject
		datosLogin.json = datosLogin.json
		usuarios.log = usuarios.log
	EndProjectSection
EndProject
Project("{2150E333-8FDC-42A3-9474-1A3956D46DE8}") = "Clases", "Clases", "{046273A4-A77C-4ADD-A04E-34AADAD8AB3F}"
EndProject
Project("{2150E333-8FDC-42A3-9474-1A3956D46DE8}") = "FormulariosCrud", "FormulariosCrud", "{4634A7F0-D825-4CBE-8313-33EFED0EEA61}"
EndProject
Project("{2150E333-8FDC-42A3-9474-1A3956D46DE8}") = "UnitTesting", "UnitTesting", "{8251B99D-1168-4ADC-9CAF-92C1D8220F86}"
EndProject
Project("{9A19103F-16F7-4668-BE54-9A1E7A4F7556}") = "ADO", "ADO\ADO.csproj", "{A618D8D2-23A3-4A52-8AC8-E86845510B5A}"
EndProject
Project("{FAE04EC0-301F-11D3-BF4B-00C04F79EFBC}") = "TestProject", "TestProject\TestProject.csproj", "{FE5A9746-35AD-4298-A69C-7B278A59AA77}"
EndProject
Global
	GlobalSection(SolutionConfigurationPlatforms) = preSolution
		Debug|Any CPU = Debug|Any CPU
		Release|Any CPU = Release|Any CPU
	EndGlobalSection
	GlobalSection(ProjectConfigurationPlatforms) = postSolution
		{2236122C-CFBA-4951-AEE1-9E9545DD07A9}.Debug|Any CPU.ActiveCfg = Debug|Any CPU
		{2236122C-CFBA-4951-AEE1-9E9545DD07A9}.Debug|Any CPU.Build.0 = Debug|Any CPU
		{2236122C-CFBA-4951-AEE1-9E9545DD07A9}.Release|Any CPU.ActiveCfg = Release|Any CPU
		{2236122C-CFBA-4951-AEE1-9E9545DD07A9}.Release|Any CPU.Build.0 = Release|Any CPU
		{37A9EB80-1FD7-4E8B-A874-E2D75B297E88}.Debug|Any CPU.ActiveCfg = Debug|Any CPU
		{37A9EB80-1FD7-4E8B-A874-E2D75B297E88}.Debug|Any CPU.Build.0 = Debug|Any CPU
		{37A9EB80-1FD7-4E8B-A874-E2D75B297E88}.Release|Any CPU.ActiveCfg = Release|Any CPU
		{37A9EB80-1FD7-4E8B-A874-E2D75B297E88}.Release|Any CPU.Build.0 = Release|Any CPU
		{540CF6E8-967B-45AB-A77B-FB296C16F5DF}.Debug|Any CPU.ActiveCfg = Debug|Any CPU
		{540CF6E8-967B-45AB-A77B-FB296C16F5DF}.Debug|Any CPU.Build.0 = Debug|Any CPU
		{540CF6E8-967B-45AB-A77B-FB296C16F5DF}.Release|Any CPU.ActiveCfg = Release|Any CPU
		{540CF6E8-967B-45AB-A77B-FB296C16F5DF}.Release|Any CPU.Build.0 = Release|Any CPU
		{A618D8D2-23A3-4A52-8AC8-E86845510B5A}.Debug|Any CPU.ActiveCfg = Debug|Any CPU
		{A618D8D2-23A3-4A52-8AC8-E86845510B5A}.Debug|Any CPU.Build.0 = Debug|Any CPU
		{A618D8D2-23A3-4A52-8AC8-E86845510B5A}.Release|Any CPU.ActiveCfg = Release|Any CPU
		{A618D8D2-23A3-4A52-8AC8-E86845510B5A}.Release|Any CPU.Build.0 = Release|Any CPU
		{FE5A9746-35AD-4298-A69C-7B278A59AA77}.Debug|Any CPU.ActiveCfg = Debug|Any CPU
		{FE5A9746-35AD-4298-A69C-7B278A59AA77}.Debug|Any CPU.Build.0 = Debug|Any CPU
		{FE5A9746-35AD-4298-A69C-7B278A59AA77}.Release|Any CPU.ActiveCfg = Release|Any CPU
		{FE5A9746-35AD-4298-A69C-7B278A59AA77}.Release|Any CPU.Build.0 = Release|Any CPU
	EndGlobalSection
	GlobalSection(SolutionProperties) = preSolution
		HideSolutionNode = FALSE
	EndGlobalSection
	GlobalSection(NestedProjects) = preSolution
		{2236122C-CFBA-4951-AEE1-9E9545DD07A9} = {046273A4-A77C-4ADD-A04E-34AADAD8AB3F}
		{540CF6E8-967B-45AB-A77B-FB296C16F5DF} = {4634A7F0-D825-4CBE-8313-33EFED0EEA61}
		{FE5A9746-35AD-4298-A69C-7B278A59AA77} = {8251B99D-1168-4ADC-9CAF-92C1D8220F86}
	EndGlobalSection
	GlobalSection(ExtensibilityGlobals) = postSolution
		SolutionGuid = {310806F3-59CD-4D3F-9393-17CA6233D254}
	EndGlobalSection
EndGlobal
